// !$*UTF8*$!
{
	archiveVersion = 1;
	classes = {
	};
	objectVersion = 46;
	objects = {

/* Begin PBXBuildFile section */
		9903A8B019A9766200F09DC9 /* Foundation.framework in Frameworks */ = {isa = PBXBuildFile; fileRef = 9903A8AF19A9766200F09DC9 /* Foundation.framework */; };
		9903A8B219A9766200F09DC9 /* CoreGraphics.framework in Frameworks */ = {isa = PBXBuildFile; fileRef = 9903A8B119A9766200F09DC9 /* CoreGraphics.framework */; };
		9903A8B419A9766200F09DC9 /* UIKit.framework in Frameworks */ = {isa = PBXBuildFile; fileRef = 9903A8B319A9766200F09DC9 /* UIKit.framework */; };
		9903A8BA19A9766200F09DC9 /* InfoPlist.strings in Resources */ = {isa = PBXBuildFile; fileRef = 9903A8B819A9766200F09DC9 /* InfoPlist.strings */; };
		9903A8BC19A9766200F09DC9 /* main.m in Sources */ = {isa = PBXBuildFile; fileRef = 9903A8BB19A9766200F09DC9 /* main.m */; };
		9903A8C019A9766200F09DC9 /* FTGAppDelegate.m in Sources */ = {isa = PBXBuildFile; fileRef = 9903A8BF19A9766200F09DC9 /* FTGAppDelegate.m */; };
		9903A8C319A9766200F09DC9 /* Main_iPhone.storyboard in Resources */ = {isa = PBXBuildFile; fileRef = 9903A8C119A9766200F09DC9 /* Main_iPhone.storyboard */; };
		9903A8C619A9766200F09DC9 /* Main_iPad.storyboard in Resources */ = {isa = PBXBuildFile; fileRef = 9903A8C419A9766200F09DC9 /* Main_iPad.storyboard */; };
		9903A8C919A9766200F09DC9 /* FTGViewController.m in Sources */ = {isa = PBXBuildFile; fileRef = 9903A8C819A9766200F09DC9 /* FTGViewController.m */; };
		9903A8CB19A9766200F09DC9 /* Images.xcassets in Resources */ = {isa = PBXBuildFile; fileRef = 9903A8CA19A9766200F09DC9 /* Images.xcassets */; };
		9903A8D219A9766200F09DC9 /* XCTest.framework in Frameworks */ = {isa = PBXBuildFile; fileRef = 9903A8D119A9766200F09DC9 /* XCTest.framework */; };
		9903A8D319A9766200F09DC9 /* Foundation.framework in Frameworks */ = {isa = PBXBuildFile; fileRef = 9903A8AF19A9766200F09DC9 /* Foundation.framework */; };
		9903A8D419A9766300F09DC9 /* UIKit.framework in Frameworks */ = {isa = PBXBuildFile; fileRef = 9903A8B319A9766200F09DC9 /* UIKit.framework */; };
		9903A8DC19A9766300F09DC9 /* InfoPlist.strings in Resources */ = {isa = PBXBuildFile; fileRef = 9903A8DA19A9766300F09DC9 /* InfoPlist.strings */; };
		9903A8DE19A9766300F09DC9 /* FTGParamountDemoTests.m in Sources */ = {isa = PBXBuildFile; fileRef = 9903A8DD19A9766300F09DC9 /* FTGParamountDemoTests.m */; };
/* End PBXBuildFile section */

/* Begin PBXContainerItemProxy section */
		9903A8D519A9766300F09DC9 /* PBXContainerItemProxy */ = {
			isa = PBXContainerItemProxy;
			containerPortal = 9903A8A419A9766200F09DC9 /* Project object */;
			proxyType = 1;
			remoteGlobalIDString = 9903A8AB19A9766200F09DC9;
			remoteInfo = FTGParamountDemo;
		};
/* End PBXContainerItemProxy section */

/* Begin PBXFileReference section */
		9903A8AC19A9766200F09DC9 /* FTGParamountDemo.app */ = {isa = PBXFileReference; explicitFileType = wrapper.application; includeInIndex = 0; path = FTGParamountDemo.app; sourceTree = BUILT_PRODUCTS_DIR; };
		9903A8AF19A9766200F09DC9 /* Foundation.framework */ = {isa = PBXFileReference; lastKnownFileType = wrapper.framework; name = Foundation.framework; path = System/Library/Frameworks/Foundation.framework; sourceTree = SDKROOT; };
		9903A8B119A9766200F09DC9 /* CoreGraphics.framework */ = {isa = PBXFileReference; lastKnownFileType = wrapper.framework; name = CoreGraphics.framework; path = System/Library/Frameworks/CoreGraphics.framework; sourceTree = SDKROOT; };
		9903A8B319A9766200F09DC9 /* UIKit.framework */ = {isa = PBXFileReference; lastKnownFileType = wrapper.framework; name = UIKit.framework; path = System/Library/Frameworks/UIKit.framework; sourceTree = SDKROOT; };
		9903A8B719A9766200F09DC9 /* FTGParamountDemo-Info.plist */ = {isa = PBXFileReference; lastKnownFileType = text.plist.xml; path = "FTGParamountDemo-Info.plist"; sourceTree = "<group>"; };
		9903A8B919A9766200F09DC9 /* en */ = {isa = PBXFileReference; lastKnownFileType = text.plist.strings; name = en; path = en.lproj/InfoPlist.strings; sourceTree = "<group>"; };
		9903A8BB19A9766200F09DC9 /* main.m */ = {isa = PBXFileReference; lastKnownFileType = sourcecode.c.objc; path = main.m; sourceTree = "<group>"; };
		9903A8BD19A9766200F09DC9 /* FTGParamountDemo-Prefix.pch */ = {isa = PBXFileReference; lastKnownFileType = sourcecode.c.h; path = "FTGParamountDemo-Prefix.pch"; sourceTree = "<group>"; };
		9903A8BE19A9766200F09DC9 /* FTGAppDelegate.h */ = {isa = PBXFileReference; lastKnownFileType = sourcecode.c.h; path = FTGAppDelegate.h; sourceTree = "<group>"; };
		9903A8BF19A9766200F09DC9 /* FTGAppDelegate.m */ = {isa = PBXFileReference; lastKnownFileType = sourcecode.c.objc; path = FTGAppDelegate.m; sourceTree = "<group>"; };
		9903A8C219A9766200F09DC9 /* Base */ = {isa = PBXFileReference; lastKnownFileType = file.storyboard; name = Base; path = Base.lproj/Main_iPhone.storyboard; sourceTree = "<group>"; };
		9903A8C519A9766200F09DC9 /* Base */ = {isa = PBXFileReference; lastKnownFileType = file.storyboard; name = Base; path = Base.lproj/Main_iPad.storyboard; sourceTree = "<group>"; };
		9903A8C719A9766200F09DC9 /* FTGViewController.h */ = {isa = PBXFileReference; lastKnownFileType = sourcecode.c.h; path = FTGViewController.h; sourceTree = "<group>"; };
		9903A8C819A9766200F09DC9 /* FTGViewController.m */ = {isa = PBXFileReference; lastKnownFileType = sourcecode.c.objc; path = FTGViewController.m; sourceTree = "<group>"; };
		9903A8CA19A9766200F09DC9 /* Images.xcassets */ = {isa = PBXFileReference; lastKnownFileType = folder.assetcatalog; path = Images.xcassets; sourceTree = "<group>"; };
		9903A8D019A9766200F09DC9 /* FTGParamountDemoTests.xctest */ = {isa = PBXFileReference; explicitFileType = wrapper.cfbundle; includeInIndex = 0; path = FTGParamountDemoTests.xctest; sourceTree = BUILT_PRODUCTS_DIR; };
		9903A8D119A9766200F09DC9 /* XCTest.framework */ = {isa = PBXFileReference; lastKnownFileType = wrapper.framework; name = XCTest.framework; path = Library/Frameworks/XCTest.framework; sourceTree = DEVELOPER_DIR; };
		9903A8D919A9766300F09DC9 /* FTGParamountDemoTests-Info.plist */ = {isa = PBXFileReference; lastKnownFileType = text.plist.xml; path = "FTGParamountDemoTests-Info.plist"; sourceTree = "<group>"; };
		9903A8DB19A9766300F09DC9 /* en */ = {isa = PBXFileReference; lastKnownFileType = text.plist.strings; name = en; path = en.lproj/InfoPlist.strings; sourceTree = "<group>"; };
		9903A8DD19A9766300F09DC9 /* FTGParamountDemoTests.m */ = {isa = PBXFileReference; lastKnownFileType = sourcecode.c.objc; path = FTGParamountDemoTests.m; sourceTree = "<group>"; };
/* End PBXFileReference section */

/* Begin PBXFrameworksBuildPhase section */
		9903A8A919A9766200F09DC9 /* Frameworks */ = {
			isa = PBXFrameworksBuildPhase;
			buildActionMask = 2147483647;
			files = (
				9903A8B219A9766200F09DC9 /* CoreGraphics.framework in Frameworks */,
				9903A8B419A9766200F09DC9 /* UIKit.framework in Frameworks */,
				9903A8B019A9766200F09DC9 /* Foundation.framework in Frameworks */,
			);
			runOnlyForDeploymentPostprocessing = 0;
		};
		9903A8CD19A9766200F09DC9 /* Frameworks */ = {
			isa = PBXFrameworksBuildPhase;
			buildActionMask = 2147483647;
			files = (
				9903A8D219A9766200F09DC9 /* XCTest.framework in Frameworks */,
				9903A8D419A9766300F09DC9 /* UIKit.framework in Frameworks */,
				9903A8D319A9766200F09DC9 /* Foundation.framework in Frameworks */,
			);
			runOnlyForDeploymentPostprocessing = 0;
		};
/* End PBXFrameworksBuildPhase section */

/* Begin PBXGroup section */
		9903A8A319A9766200F09DC9 = {
			isa = PBXGroup;
			children = (
				9903A8E719A9767E00F09DC9 /* FTGParamount */,
				9903A8B519A9766200F09DC9 /* FTGParamountDemo */,
				9903A8D719A9766300F09DC9 /* FTGParamountDemoTests */,
				9903A8AE19A9766200F09DC9 /* Frameworks */,
				9903A8AD19A9766200F09DC9 /* Products */,
			);
			sourceTree = "<group>";
		};
		9903A8AD19A9766200F09DC9 /* Products */ = {
			isa = PBXGroup;
			children = (
				9903A8AC19A9766200F09DC9 /* FTGParamountDemo.app */,
				9903A8D019A9766200F09DC9 /* FTGParamountDemoTests.xctest */,
			);
			name = Products;
			sourceTree = "<group>";
		};
		9903A8AE19A9766200F09DC9 /* Frameworks */ = {
			isa = PBXGroup;
			children = (
				9903A8AF19A9766200F09DC9 /* Foundation.framework */,
				9903A8B119A9766200F09DC9 /* CoreGraphics.framework */,
				9903A8B319A9766200F09DC9 /* UIKit.framework */,
				9903A8D119A9766200F09DC9 /* XCTest.framework */,
			);
			name = Frameworks;
			sourceTree = "<group>";
		};
		9903A8B519A9766200F09DC9 /* FTGParamountDemo */ = {
			isa = PBXGroup;
			children = (
				9903A8BE19A9766200F09DC9 /* FTGAppDelegate.h */,
				9903A8BF19A9766200F09DC9 /* FTGAppDelegate.m */,
				9903A8C119A9766200F09DC9 /* Main_iPhone.storyboard */,
				9903A8C419A9766200F09DC9 /* Main_iPad.storyboard */,
				9903A8C719A9766200F09DC9 /* FTGViewController.h */,
				9903A8C819A9766200F09DC9 /* FTGViewController.m */,
				9903A8CA19A9766200F09DC9 /* Images.xcassets */,
				9903A8B619A9766200F09DC9 /* Supporting Files */,
			);
			path = FTGParamountDemo;
			sourceTree = "<group>";
		};
		9903A8B619A9766200F09DC9 /* Supporting Files */ = {
			isa = PBXGroup;
			children = (
				9903A8B719A9766200F09DC9 /* FTGParamountDemo-Info.plist */,
				9903A8B819A9766200F09DC9 /* InfoPlist.strings */,
				9903A8BB19A9766200F09DC9 /* main.m */,
				9903A8BD19A9766200F09DC9 /* FTGParamountDemo-Prefix.pch */,
			);
			name = "Supporting Files";
			sourceTree = "<group>";
		};
		9903A8D719A9766300F09DC9 /* FTGParamountDemoTests */ = {
			isa = PBXGroup;
			children = (
				9903A8DD19A9766300F09DC9 /* FTGParamountDemoTests.m */,
				9903A8D819A9766300F09DC9 /* Supporting Files */,
			);
			path = FTGParamountDemoTests;
			sourceTree = "<group>";
		};
		9903A8D819A9766300F09DC9 /* Supporting Files */ = {
			isa = PBXGroup;
			children = (
				9903A8D919A9766300F09DC9 /* FTGParamountDemoTests-Info.plist */,
				9903A8DA19A9766300F09DC9 /* InfoPlist.strings */,
			);
			name = "Supporting Files";
			sourceTree = "<group>";
		};
		9903A8E719A9767E00F09DC9 /* FTGParamount */ = {
			isa = PBXGroup;
			children = (
			);
			path = FTGParamount;
			sourceTree = "<group>";
		};
/* End PBXGroup section */

/* Begin PBXNativeTarget section */
		9903A8AB19A9766200F09DC9 /* FTGParamountDemo */ = {
			isa = PBXNativeTarget;
			buildConfigurationList = 9903A8E119A9766300F09DC9 /* Build configuration list for PBXNativeTarget "FTGParamountDemo" */;
			buildPhases = (
				9903A8A819A9766200F09DC9 /* Sources */,
				9903A8A919A9766200F09DC9 /* Frameworks */,
				9903A8AA19A9766200F09DC9 /* Resources */,
			);
			buildRules = (
			);
			dependencies = (
			);
			name = FTGParamountDemo;
			productName = FTGParamountDemo;
			productReference = 9903A8AC19A9766200F09DC9 /* FTGParamountDemo.app */;
			productType = "com.apple.product-type.application";
		};
		9903A8CF19A9766200F09DC9 /* FTGParamountDemoTests */ = {
			isa = PBXNativeTarget;
			buildConfigurationList = 9903A8E419A9766300F09DC9 /* Build configuration list for PBXNativeTarget "FTGParamountDemoTests" */;
			buildPhases = (
				9903A8CC19A9766200F09DC9 /* Sources */,
				9903A8CD19A9766200F09DC9 /* Frameworks */,
				9903A8CE19A9766200F09DC9 /* Resources */,
			);
			buildRules = (
			);
			dependencies = (
				9903A8D619A9766300F09DC9 /* PBXTargetDependency */,
			);
			name = FTGParamountDemoTests;
			productName = FTGParamountDemoTests;
			productReference = 9903A8D019A9766200F09DC9 /* FTGParamountDemoTests.xctest */;
			productType = "com.apple.product-type.bundle.unit-test";
		};
/* End PBXNativeTarget section */

/* Begin PBXProject section */
		9903A8A419A9766200F09DC9 /* Project object */ = {
			isa = PBXProject;
			attributes = {
				CLASSPREFIX = FTG;
				LastUpgradeCheck = 0510;
				ORGANIZATIONNAME = Fantageek;
				TargetAttributes = {
					9903A8CF19A9766200F09DC9 = {
						TestTargetID = 9903A8AB19A9766200F09DC9;
					};
				};
			};
			buildConfigurationList = 9903A8A719A9766200F09DC9 /* Build configuration list for PBXProject "FTGParamountDemo" */;
			compatibilityVersion = "Xcode 3.2";
			developmentRegion = English;
			hasScannedForEncodings = 0;
			knownRegions = (
				en,
				Base,
			);
			mainGroup = 9903A8A319A9766200F09DC9;
			productRefGroup = 9903A8AD19A9766200F09DC9 /* Products */;
			projectDirPath = "";
			projectRoot = "";
			targets = (
				9903A8AB19A9766200F09DC9 /* FTGParamountDemo */,
				9903A8CF19A9766200F09DC9 /* FTGParamountDemoTests */,
			);
		};
/* End PBXProject section */

/* Begin PBXResourcesBuildPhase section */
		9903A8AA19A9766200F09DC9 /* Resources */ = {
			isa = PBXResourcesBuildPhase;
			buildActionMask = 2147483647;
			files = (
				9903A8C619A9766200F09DC9 /* Main_iPad.storyboard in Resources */,
				9903A8CB19A9766200F09DC9 /* Images.xcassets in Resources */,
				9903A8C319A9766200F09DC9 /* Main_iPhone.storyboard in Resources */,
				9903A8BA19A9766200F09DC9 /* InfoPlist.strings in Resources */,
			);
			runOnlyForDeploymentPostprocessing = 0;
		};
		9903A8CE19A9766200F09DC9 /* Resources */ = {
			isa = PBXResourcesBuildPhase;
			buildActionMask = 2147483647;
			files = (
				9903A8DC19A9766300F09DC9 /* InfoPlist.strings in Resources */,
			);
			runOnlyForDeploymentPostprocessing = 0;
		};
/* End PBXResourcesBuildPhase section */

/* Begin PBXSourcesBuildPhase section */
		9903A8A819A9766200F09DC9 /* Sources */ = {
			isa = PBXSourcesBuildPhase;
			buildActionMask = 2147483647;
			files = (
				9903A8C019A9766200F09DC9 /* FTGAppDelegate.m in Sources */,
				9903A8BC19A9766200F09DC9 /* main.m in Sources */,
				9903A8C919A9766200F09DC9 /* FTGViewController.m in Sources */,
			);
			runOnlyForDeploymentPostprocessing = 0;
		};
		9903A8CC19A9766200F09DC9 /* Sources */ = {
			isa = PBXSourcesBuildPhase;
			buildActionMask = 2147483647;
			files = (
				9903A8DE19A9766300F09DC9 /* FTGParamountDemoTests.m in Sources */,
			);
			runOnlyForDeploymentPostprocessing = 0;
		};
/* End PBXSourcesBuildPhase section */

/* Begin PBXTargetDependency section */
		9903A8D619A9766300F09DC9 /* PBXTargetDependency */ = {
			isa = PBXTargetDependency;
			target = 9903A8AB19A9766200F09DC9 /* FTGParamountDemo */;
			targetProxy = 9903A8D519A9766300F09DC9 /* PBXContainerItemProxy */;
		};
/* End PBXTargetDependency section */

/* Begin PBXVariantGroup section */
		9903A8B819A9766200F09DC9 /* InfoPlist.strings */ = {
			isa = PBXVariantGroup;
			children = (
				9903A8B919A9766200F09DC9 /* en */,
			);
			name = InfoPlist.strings;
			sourceTree = "<group>";
		};
		9903A8C119A9766200F09DC9 /* Main_iPhone.storyboard */ = {
			isa = PBXVariantGroup;
			children = (
				9903A8C219A9766200F09DC9 /* Base */,
			);
			name = Main_iPhone.storyboard;
			sourceTree = "<group>";
		};
		9903A8C419A9766200F09DC9 /* Main_iPad.storyboard */ = {
			isa = PBXVariantGroup;
			children = (
				9903A8C519A9766200F09DC9 /* Base */,
			);
			name = Main_iPad.storyboard;
			sourceTree = "<group>";
		};
		9903A8DA19A9766300F09DC9 /* InfoPlist.strings */ = {
			isa = PBXVariantGroup;
			children = (
				9903A8DB19A9766300F09DC9 /* en */,
			);
			name = InfoPlist.strings;
			sourceTree = "<group>";
		};
/* End PBXVariantGroup section */

/* Begin XCBuildConfiguration section */
		9903A8DF19A9766300F09DC9 /* Debug */ = {
			isa = XCBuildConfiguration;
			buildSettings = {
				ALWAYS_SEARCH_USER_PATHS = NO;
				CLANG_CXX_LANGUAGE_STANDARD = "gnu++0x";
				CLANG_CXX_LIBRARY = "libc++";
				CLANG_ENABLE_MODULES = YES;
				CLANG_ENABLE_OBJC_ARC = YES;
				CLANG_WARN_BOOL_CONVERSION = YES;
				CLANG_WARN_CONSTANT_CONVERSION = YES;
				CLANG_WARN_DIRECT_OBJC_ISA_USAGE = YES_ERROR;
				CLANG_WARN_EMPTY_BODY = YES;
				CLANG_WARN_ENUM_CONVERSION = YES;
				CLANG_WARN_INT_CONVERSION = YES;
				CLANG_WARN_OBJC_ROOT_CLASS = YES_ERROR;
				CLANG_WARN__DUPLICATE_METHOD_MATCH = YES;
				"CODE_SIGN_IDENTITY[sdk=iphoneos*]" = "iPhone Developer";
				COPY_PHASE_STRIP = NO;
				GCC_C_LANGUAGE_STANDARD = gnu99;
				GCC_DYNAMIC_NO_PIC = NO;
				GCC_OPTIMIZATION_LEVEL = 0;
				GCC_PREPROCESSOR_DEFINITIONS = (
					"DEBUG=1",
					"$(inherited)",
				);
				GCC_SYMBOLS_PRIVATE_EXTERN = NO;
				GCC_WARN_64_TO_32_BIT_CONVERSION = YES;
				GCC_WARN_ABOUT_RETURN_TYPE = YES_ERROR;
				GCC_WARN_UNDECLARED_SELECTOR = YES;
				GCC_WARN_UNINITIALIZED_AUTOS = YES_AGGRESSIVE;
				GCC_WARN_UNUSED_FUNCTION = YES;
				GCC_WARN_UNUSED_VARIABLE = YES;
				IPHONEOS_DEPLOYMENT_TARGET = 7.1;
				ONLY_ACTIVE_ARCH = YES;
				SDKROOT = iphoneos;
				TARGETED_DEVICE_FAMILY = "1,2";
			};
			name = Debug;
		};
		9903A8E019A9766300F09DC9 /* Release */ = {
			isa = XCBuildConfiguration;
			buildSettings = {
				ALWAYS_SEARCH_USER_PATHS = NO;
				CLANG_CXX_LANGUAGE_STANDARD = "gnu++0x";
				CLANG_CXX_LIBRARY = "libc++";
				CLANG_ENABLE_MODULES = YES;
				CLANG_ENABLE_OBJC_ARC = YES;
				CLANG_WARN_BOOL_CONVERSION = YES;
				CLANG_WARN_CONSTANT_CONVERSION = YES;
				CLANG_WARN_DIRECT_OBJC_ISA_USAGE = YES_ERROR;
				CLANG_WARN_EMPTY_BODY = YES;
				CLANG_WARN_ENUM_CONVERSION = YES;
				CLANG_WARN_INT_CONVERSION = YES;
				CLANG_WARN_OBJC_ROOT_CLASS = YES_ERROR;
				CLANG_WARN__DUPLICATE_METHOD_MATCH = YES;
				"CODE_SIGN_IDENTITY[sdk=iphoneos*]" = "iPhone Developer";
				COPY_PHASE_STRIP = YES;
				ENABLE_NS_ASSERTIONS = NO;
				GCC_C_LANGUAGE_STANDARD = gnu99;
				GCC_WARN_64_TO_32_BIT_CONVERSION = YES;
				GCC_WARN_ABOUT_RETURN_TYPE = YES_ERROR;
				GCC_WARN_UNDECLARED_SELECTOR = YES;
				GCC_WARN_UNINITIALIZED_AUTOS = YES_AGGRESSIVE;
				GCC_WARN_UNUSED_FUNCTION = YES;
				GCC_WARN_UNUSED_VARIABLE = YES;
				IPHONEOS_DEPLOYMENT_TARGET = 7.1;
				SDKROOT = iphoneos;
				TARGETED_DEVICE_FAMILY = "1,2";
				VALIDATE_PRODUCT = YES;
			};
			name = Release;
		};
		9903A8E219A9766300F09DC9 /* Debug */ = {
			isa = XCBuildConfiguration;
			buildSettings = {
				ASSETCATALOG_COMPILER_APPICON_NAME = AppIcon;
				ASSETCATALOG_COMPILER_LAUNCHIMAGE_NAME = LaunchImage;
				GCC_PRECOMPILE_PREFIX_HEADER = YES;
				GCC_PREFIX_HEADER = "FTGParamountDemo/FTGParamountDemo-Prefix.pch";
				INFOPLIST_FILE = "FTGParamountDemo/FTGParamountDemo-Info.plist";
				PRODUCT_NAME = "$(TARGET_NAME)";
				WRAPPER_EXTENSION = app;
			};
			name = Debug;
		};
		9903A8E319A9766300F09DC9 /* Release */ = {
			isa = XCBuildConfiguration;
			buildSettings = {
				ASSETCATALOG_COMPILER_APPICON_NAME = AppIcon;
				ASSETCATALOG_COMPILER_LAUNCHIMAGE_NAME = LaunchImage;
				GCC_PRECOMPILE_PREFIX_HEADER = YES;
				GCC_PREFIX_HEADER = "FTGParamountDemo/FTGParamountDemo-Prefix.pch";
				INFOPLIST_FILE = "FTGParamountDemo/FTGParamountDemo-Info.plist";
				PRODUCT_NAME = "$(TARGET_NAME)";
				WRAPPER_EXTENSION = app;
			};
			name = Release;
		};
		9903A8E519A9766300F09DC9 /* Debug */ = {
			isa = XCBuildConfiguration;
			buildSettings = {
				BUNDLE_LOADER = "$(BUILT_PRODUCTS_DIR)/FTGParamountDemo.app/FTGParamountDemo";
				FRAMEWORK_SEARCH_PATHS = (
					"$(SDKROOT)/Developer/Library/Frameworks",
					"$(inherited)",
					"$(DEVELOPER_FRAMEWORKS_DIR)",
				);
				GCC_PRECOMPILE_PREFIX_HEADER = YES;
				GCC_PREFIX_HEADER = "FTGParamountDemo/FTGParamountDemo-Prefix.pch";
				GCC_PREPROCESSOR_DEFINITIONS = (
					"DEBUG=1",
					"$(inherited)",
				);
				INFOPLIST_FILE = "FTGParamountDemoTests/FTGParamountDemoTests-Info.plist";
				PRODUCT_NAME = "$(TARGET_NAME)";
				TEST_HOST = "$(BUNDLE_LOADER)";
				WRAPPER_EXTENSION = xctest;
			};
			name = Debug;
		};
		9903A8E619A9766300F09DC9 /* Release */ = {
			isa = XCBuildConfiguration;
			buildSettings = {
				BUNDLE_LOADER = "$(BUILT_PRODUCTS_DIR)/FTGParamountDemo.app/FTGParamountDemo";
				FRAMEWORK_SEARCH_PATHS = (
					"$(SDKROOT)/Developer/Library/Frameworks",
					"$(inherited)",
					"$(DEVELOPER_FRAMEWORKS_DIR)",
				);
				GCC_PRECOMPILE_PREFIX_HEADER = YES;
				GCC_PREFIX_HEADER = "FTGParamountDemo/FTGParamountDemo-Prefix.pch";
				INFOPLIST_FILE = "FTGParamountDemoTests/FTGParamountDemoTests-Info.plist";
				PRODUCT_NAME = "$(TARGET_NAME)";
				TEST_HOST = "$(BUNDLE_LOADER)";
				WRAPPER_EXTENSION = xctest;
			};
			name = Release;
		};
/* End XCBuildConfiguration section */

/* Begin XCConfigurationList section */
		9903A8A719A9766200F09DC9 /* Build configuration list for PBXProject "FTGParamountDemo" */ = {
			isa = XCConfigurationList;
			buildConfigurations = (
				9903A8DF19A9766300F09DC9 /* Debug */,
				9903A8E019A9766300F09DC9 /* Release */,
			);
			defaultConfigurationIsVisible = 0;
			defaultConfigurationName = Release;
		};
		9903A8E119A9766300F09DC9 /* Build configuration list for PBXNativeTarget "FTGParamountDemo" */ = {
			isa = XCConfigurationList;
			buildConfigurations = (
				9903A8E219A9766300F09DC9 /* Debug */,
				9903A8E319A9766300F09DC9 /* Release */,
			);
			defaultConfigurationIsVisible = 0;
		};
		9903A8E419A9766300F09DC9 /* Build configuration list for PBXNativeTarget "FTGParamountDemoTests" */ = {
			isa = XCConfigurationList;
			buildConfigurations = (
				9903A8E519A9766300F09DC9 /* Debug */,
				9903A8E619A9766300F09DC9 /* Release */,
			);
			defaultConfigurationIsVisible = 0;
		};
/* End XCConfigurationList section */
	};
	rootObject = 9903A8A419A9766200F09DC9 /* Project object */;
}
